{
  "name": "ajs-node",
  "version": "1.0.0",
  "lockfileVersion": 3,
  "requires": true,
  "packages": {
    "": {
      "name": "ajs-node",
      "version": "1.0.0",
      "license": "ISC",
      "dependencies": {
        "@dianahuzina/ajs": "^1.0.0"
      }
    },
    "node_modules/@dianahuzina/ajs": {
      "version": "1.0.0",
      "resolved": "https://npm.pkg.github.com/download/@dianahuzina/ajs/1.0.0/280454abb49e872ef3ebdf915cfe621e2762f732",
      "integrity": "sha512-2YbfMbuxOp8v7fdhP0kfs+Q7dlcTZmou3pgbwKq5gwptPd3dP0jziGjJOg+DXi0ptwU6guAJmBVikiQLUxuDJg==",
      "license": "ISC"
    }
  }
}
